
Microsoft Visual Studio Solution File, Format Version 12.00
# Visual Studio Version 17
VisualStudioVersion = 17.3.32825.248
MinimumVisualStudioVersion = 10.0.40219.1
Project("{FAE04EC0-301F-11D3-BF4B-00C04F79EFBC}") = "umlMaker", "umlMaker\umlMaker.csproj", "{9FC248B6-19E1-481D-A6B4-0C48FEAC11EA}"
EndProject
Global
	GlobalSection(SolutionConfigurationPlatforms) = preSolution
		Debug|Any CPU = Debug|Any CPU
		Release|Any CPU = Release|Any CPU
	EndGlobalSection
	GlobalSection(ProjectConfigurationPlatforms) = postSolution
		{9FC248B6-19E1-481D-A6B4-0C48FEAC11EA}.Debug|Any CPU.ActiveCfg = Debug|Any CPU
		{9FC248B6-19E1-481D-A6B4-0C48FEAC11EA}.Debug|Any CPU.Build.0 = Debug|Any CPU
		{9FC248B6-19E1-481D-A6B4-0C48FEAC11EA}.Release|Any CPU.ActiveCfg = Release|Any CPU
		{9FC248B6-19E1-481D-A6B4-0C48FEAC11EA}.Release|Any CPU.Build.0 = Release|Any CPU
	EndGlobalSection
	GlobalSection(SolutionProperties) = preSolution
		HideSolutionNode = FALSE
	EndGlobalSection
	GlobalSection(ExtensibilityGlobals) = postSolution
		SolutionGuid = {1688A5AF-FE62-4F54-A157-37A9C704072D}
	EndGlobalSection
EndGlobal
